// !$*UTF8*$!
{
	archiveVersion = 1;
	classes = {
	};
	objectVersion = 50;
	objects = {

/* Begin PBXBuildFile section */
		3DC9441721AD65DF0044C92D /* PickColorAnimationData.json in Resources */ = {isa = PBXBuildFile; fileRef = 3DC9441621AD65DE0044C92D /* PickColorAnimationData.json */; };
		3DC9441A21AD70800044C92D /* 抽颜色方阵动画.mp4 in Resources */ = {isa = PBXBuildFile; fileRef = 3DC9441821AD6E780044C92D /* 抽颜色方阵动画.mp4 */; };
		3DF28D5B21ABF2FC00BAEC0F /* EditPersonVC.swift in Sources */ = {isa = PBXBuildFile; fileRef = 3DF28D5A21ABF2FC00BAEC0F /* EditPersonVC.swift */; };
		3DF28D5D21ACD58F00BAEC0F /* EditPersonCell.swift in Sources */ = {isa = PBXBuildFile; fileRef = 3DF28D5C21ACD58F00BAEC0F /* EditPersonCell.swift */; };
		3DF28D6221AD176D00BAEC0F /* textFile.m in Sources */ = {isa = PBXBuildFile; fileRef = 3DF28D6121AD176D00BAEC0F /* textFile.m */; };
		A9A91267067F1605A3BDADBC /* Pods_LuckyX.framework in Frameworks */ = {isa = PBXBuildFile; fileRef = 1A1AC9117AC1375AF72B1939 /* Pods_LuckyX.framework */; };
		E14A0F7721A0F0450011779E /* AppDelegate.swift in Sources */ = {isa = PBXBuildFile; fileRef = E14A0F7621A0F0450011779E /* AppDelegate.swift */; };
		E14A0F7921A0F0450011779E /* ViewController.swift in Sources */ = {isa = PBXBuildFile; fileRef = E14A0F7821A0F0450011779E /* ViewController.swift */; };
		E14A0F7C21A0F0450011779E /* Main.storyboard in Resources */ = {isa = PBXBuildFile; fileRef = E14A0F7A21A0F0450011779E /* Main.storyboard */; };
		E14A0F7E21A0F0470011779E /* Assets.xcassets in Resources */ = {isa = PBXBuildFile; fileRef = E14A0F7D21A0F0470011779E /* Assets.xcassets */; };
		E14A0F8121A0F0470011779E /* LaunchScreen.storyboard in Resources */ = {isa = PBXBuildFile; fileRef = E14A0F7F21A0F0470011779E /* LaunchScreen.storyboard */; };
		E1AD5A5121A1474900413E39 /* ImageViewExtension.swift in Sources */ = {isa = PBXBuildFile; fileRef = E1AD5A5021A1474900413E39 /* ImageViewExtension.swift */; };
		E1AD5A5321A1475E00413E39 /* ImageHelper.swift in Sources */ = {isa = PBXBuildFile; fileRef = E1AD5A5221A1475E00413E39 /* ImageHelper.swift */; };
		E1AD5A5521A1487600413E39 /* PrizeCell.swift in Sources */ = {isa = PBXBuildFile; fileRef = E1AD5A5421A1487600413E39 /* PrizeCell.swift */; };
		E1AD5A5721A1575A00413E39 /* PersonCell.swift in Sources */ = {isa = PBXBuildFile; fileRef = E1AD5A5621A1575A00413E39 /* PersonCell.swift */; };
		E1C36FD121A5B9DB0019DEFC /* LeftPersonCell.swift in Sources */ = {isa = PBXBuildFile; fileRef = E1C36FCE21A5B9DA0019DEFC /* LeftPersonCell.swift */; };
		E1C36FD221A5B9DB0019DEFC /* RightPersonCell.swift in Sources */ = {isa = PBXBuildFile; fileRef = E1C36FCF21A5B9DB0019DEFC /* RightPersonCell.swift */; };
		E1C36FD321A5B9DB0019DEFC /* PersonListVC.swift in Sources */ = {isa = PBXBuildFile; fileRef = E1C36FD021A5B9DB0019DEFC /* PersonListVC.swift */; };
/* End PBXBuildFile section */

/* Begin PBXFileReference section */
		1A1AC9117AC1375AF72B1939 /* Pods_LuckyX.framework */ = {isa = PBXFileReference; explicitFileType = wrapper.framework; includeInIndex = 0; path = Pods_LuckyX.framework; sourceTree = BUILT_PRODUCTS_DIR; };
		3DC9441621AD65DE0044C92D /* PickColorAnimationData.json */ = {isa = PBXFileReference; fileEncoding = 4; lastKnownFileType = text.json; path = PickColorAnimationData.json; sourceTree = "<group>"; };
		3DC9441821AD6E780044C92D /* 抽颜色方阵动画.mp4 */ = {isa = PBXFileReference; lastKnownFileType = file; path = "抽颜色方阵动画.mp4"; sourceTree = "<group>"; };
		3DF28D5A21ABF2FC00BAEC0F /* EditPersonVC.swift */ = {isa = PBXFileReference; lastKnownFileType = sourcecode.swift; path = EditPersonVC.swift; sourceTree = "<group>"; };
		3DF28D5C21ACD58F00BAEC0F /* EditPersonCell.swift */ = {isa = PBXFileReference; lastKnownFileType = sourcecode.swift; path = EditPersonCell.swift; sourceTree = "<group>"; };
		3DF28D6021AD176C00BAEC0F /* LuckyX-Bridging-Header.h */ = {isa = PBXFileReference; lastKnownFileType = sourcecode.c.h; path = "LuckyX-Bridging-Header.h"; sourceTree = "<group>"; };
		3DF28D6121AD176D00BAEC0F /* textFile.m */ = {isa = PBXFileReference; lastKnownFileType = sourcecode.c.objc; path = textFile.m; sourceTree = "<group>"; };
		5E6ED3BC829DE35D67A81632 /* Pods-LuckyX.release.xcconfig */ = {isa = PBXFileReference; includeInIndex = 1; lastKnownFileType = text.xcconfig; name = "Pods-LuckyX.release.xcconfig"; path = "Pods/Target Support Files/Pods-LuckyX/Pods-LuckyX.release.xcconfig"; sourceTree = "<group>"; };
		A673BF34799168A9857F064A /* Pods-LuckyX.debug.xcconfig */ = {isa = PBXFileReference; includeInIndex = 1; lastKnownFileType = text.xcconfig; name = "Pods-LuckyX.debug.xcconfig"; path = "Pods/Target Support Files/Pods-LuckyX/Pods-LuckyX.debug.xcconfig"; sourceTree = "<group>"; };
		E14A0F7321A0F0450011779E /* LuckyX.app */ = {isa = PBXFileReference; explicitFileType = wrapper.application; includeInIndex = 0; path = LuckyX.app; sourceTree = BUILT_PRODUCTS_DIR; };
		E14A0F7621A0F0450011779E /* AppDelegate.swift */ = {isa = PBXFileReference; lastKnownFileType = sourcecode.swift; path = AppDelegate.swift; sourceTree = "<group>"; };
		E14A0F7821A0F0450011779E /* ViewController.swift */ = {isa = PBXFileReference; lastKnownFileType = sourcecode.swift; path = ViewController.swift; sourceTree = "<group>"; };
		E14A0F7B21A0F0450011779E /* Base */ = {isa = PBXFileReference; lastKnownFileType = file.storyboard; name = Base; path = Base.lproj/Main.storyboard; sourceTree = "<group>"; };
		E14A0F7D21A0F0470011779E /* Assets.xcassets */ = {isa = PBXFileReference; lastKnownFileType = folder.assetcatalog; path = Assets.xcassets; sourceTree = "<group>"; };
		E14A0F8021A0F0470011779E /* Base */ = {isa = PBXFileReference; lastKnownFileType = file.storyboard; name = Base; path = Base.lproj/LaunchScreen.storyboard; sourceTree = "<group>"; };
		E14A0F8221A0F0470011779E /* Info.plist */ = {isa = PBXFileReference; lastKnownFileType = text.plist.xml; path = Info.plist; sourceTree = "<group>"; };
		E1AD5A5021A1474900413E39 /* ImageViewExtension.swift */ = {isa = PBXFileReference; lastKnownFileType = sourcecode.swift; path = ImageViewExtension.swift; sourceTree = "<group>"; };
		E1AD5A5221A1475E00413E39 /* ImageHelper.swift */ = {isa = PBXFileReference; lastKnownFileType = sourcecode.swift; path = ImageHelper.swift; sourceTree = "<group>"; };
		E1AD5A5421A1487600413E39 /* PrizeCell.swift */ = {isa = PBXFileReference; lastKnownFileType = sourcecode.swift; path = PrizeCell.swift; sourceTree = "<group>"; };
		E1AD5A5621A1575A00413E39 /* PersonCell.swift */ = {isa = PBXFileReference; lastKnownFileType = sourcecode.swift; path = PersonCell.swift; sourceTree = "<group>"; };
		E1C36FCE21A5B9DA0019DEFC /* LeftPersonCell.swift */ = {isa = PBXFileReference; fileEncoding = 4; lastKnownFileType = sourcecode.swift; path = LeftPersonCell.swift; sourceTree = "<group>"; };
		E1C36FCF21A5B9DB0019DEFC /* RightPersonCell.swift */ = {isa = PBXFileReference; fileEncoding = 4; lastKnownFileType = sourcecode.swift; path = RightPersonCell.swift; sourceTree = "<group>"; };
		E1C36FD021A5B9DB0019DEFC /* PersonListVC.swift */ = {isa = PBXFileReference; fileEncoding = 4; lastKnownFileType = sourcecode.swift; path = PersonListVC.swift; sourceTree = "<group>"; };
/* End PBXFileReference section */

/* Begin PBXFrameworksBuildPhase section */
		E14A0F7021A0F0450011779E /* Frameworks */ = {
			isa = PBXFrameworksBuildPhase;
			buildActionMask = 2147483647;
			files = (
				A9A91267067F1605A3BDADBC /* Pods_LuckyX.framework in Frameworks */,
			);
			runOnlyForDeploymentPostprocessing = 0;
		};
/* End PBXFrameworksBuildPhase section */

/* Begin PBXGroup section */
		58581A26500EAC2E22906872 /* Pods */ = {
			isa = PBXGroup;
			children = (
				A673BF34799168A9857F064A /* Pods-LuckyX.debug.xcconfig */,
				5E6ED3BC829DE35D67A81632 /* Pods-LuckyX.release.xcconfig */,
			);
			name = Pods;
			sourceTree = "<group>";
		};
		E14A0F6A21A0F0450011779E = {
			isa = PBXGroup;
			children = (
				3DC9441621AD65DE0044C92D /* PickColorAnimationData.json */,
				3DC9441821AD6E780044C92D /* 抽颜色方阵动画.mp4 */,
				E14A0F7521A0F0450011779E /* LuckyX */,
				E14A0F7421A0F0450011779E /* Products */,
				58581A26500EAC2E22906872 /* Pods */,
				F8A51987CC1268C909505545 /* Frameworks */,
			);
			sourceTree = "<group>";
		};
		E14A0F7421A0F0450011779E /* Products */ = {
			isa = PBXGroup;
			children = (
				E14A0F7321A0F0450011779E /* LuckyX.app */,
			);
			name = Products;
			sourceTree = "<group>";
		};
		E14A0F7521A0F0450011779E /* LuckyX */ = {
			isa = PBXGroup;
			children = (
				3DF28D5A21ABF2FC00BAEC0F /* EditPersonVC.swift */,
				E1C36FCE21A5B9DA0019DEFC /* LeftPersonCell.swift */,
				E1C36FD021A5B9DB0019DEFC /* PersonListVC.swift */,
				E1C36FCF21A5B9DB0019DEFC /* RightPersonCell.swift */,
				E14A0F7621A0F0450011779E /* AppDelegate.swift */,
				E14A0F7821A0F0450011779E /* ViewController.swift */,
				E14A0F7A21A0F0450011779E /* Main.storyboard */,
				E14A0F7D21A0F0470011779E /* Assets.xcassets */,
				E14A0F7F21A0F0470011779E /* LaunchScreen.storyboard */,
				E14A0F8221A0F0470011779E /* Info.plist */,
				E1AD5A5021A1474900413E39 /* ImageViewExtension.swift */,
				E1AD5A5221A1475E00413E39 /* ImageHelper.swift */,
				E1AD5A5421A1487600413E39 /* PrizeCell.swift */,
				E1AD5A5621A1575A00413E39 /* PersonCell.swift */,
				3DF28D5C21ACD58F00BAEC0F /* EditPersonCell.swift */,
				3DF28D6121AD176D00BAEC0F /* textFile.m */,
				3DF28D6021AD176C00BAEC0F /* LuckyX-Bridging-Header.h */,
			);
			path = LuckyX;
			sourceTree = "<group>";
		};
		F8A51987CC1268C909505545 /* Frameworks */ = {
			isa = PBXGroup;
			children = (
				1A1AC9117AC1375AF72B1939 /* Pods_LuckyX.framework */,
			);
			name = Frameworks;
			sourceTree = "<group>";
		};
/* End PBXGroup section */

/* Begin PBXNativeTarget section */
		E14A0F7221A0F0450011779E /* LuckyX */ = {
			isa = PBXNativeTarget;
			buildConfigurationList = E14A0F8521A0F0470011779E /* Build configuration list for PBXNativeTarget "LuckyX" */;
			buildPhases = (
				06D038AAE5A588968B56F4E0 /* [CP] Check Pods Manifest.lock */,
				E14A0F6F21A0F0450011779E /* Sources */,
				E14A0F7021A0F0450011779E /* Frameworks */,
				E14A0F7121A0F0450011779E /* Resources */,
				828F3218DF59D6C1A2BCE2A8 /* [CP] Embed Pods Frameworks */,
			);
			buildRules = (
			);
			dependencies = (
			);
			name = LuckyX;
			productName = LuckyX;
			productReference = E14A0F7321A0F0450011779E /* LuckyX.app */;
			productType = "com.apple.product-type.application";
		};
/* End PBXNativeTarget section */

/* Begin PBXProject section */
		E14A0F6B21A0F0450011779E /* Project object */ = {
			isa = PBXProject;
			attributes = {
				LastSwiftUpdateCheck = 1010;
				LastUpgradeCheck = 1010;
				ORGANIZATIONNAME = "徐炜楠";
				TargetAttributes = {
					E14A0F7221A0F0450011779E = {
						CreatedOnToolsVersion = 10.1;
						LastSwiftMigration = 1010;
					};
				};
			};
			buildConfigurationList = E14A0F6E21A0F0450011779E /* Build configuration list for PBXProject "LuckyX" */;
			compatibilityVersion = "Xcode 9.3";
			developmentRegion = en;
			hasScannedForEncodings = 0;
			knownRegions = (
				en,
				Base,
			);
			mainGroup = E14A0F6A21A0F0450011779E;
			productRefGroup = E14A0F7421A0F0450011779E /* Products */;
			projectDirPath = "";
			projectRoot = "";
			targets = (
				E14A0F7221A0F0450011779E /* LuckyX */,
			);
		};
/* End PBXProject section */

/* Begin PBXResourcesBuildPhase section */
		E14A0F7121A0F0450011779E /* Resources */ = {
			isa = PBXResourcesBuildPhase;
			buildActionMask = 2147483647;
			files = (
				3DC9441A21AD70800044C92D /* 抽颜色方阵动画.mp4 in Resources */,
				E14A0F8121A0F0470011779E /* LaunchScreen.storyboard in Resources */,
				E14A0F7E21A0F0470011779E /* Assets.xcassets in Resources */,
				E14A0F7C21A0F0450011779E /* Main.storyboard in Resources */,
				3DC9441721AD65DF0044C92D /* PickColorAnimationData.json in Resources */,
			);
			runOnlyForDeploymentPostprocessing = 0;
		};
/* End PBXResourcesBuildPhase section */

/* Begin PBXShellScriptBuildPhase section */
		06D038AAE5A588968B56F4E0 /* [CP] Check Pods Manifest.lock */ = {
			isa = PBXShellScriptBuildPhase;
			buildActionMask = 2147483647;
			files = (
			);
			inputPaths = (
				"${PODS_PODFILE_DIR_PATH}/Podfile.lock",
				"${PODS_ROOT}/Manifest.lock",
			);
			name = "[CP] Check Pods Manifest.lock";
			outputPaths = (
				"$(DERIVED_FILE_DIR)/Pods-LuckyX-checkManifestLockResult.txt",
			);
			runOnlyForDeploymentPostprocessing = 0;
			shellPath = /bin/sh;
			shellScript = "diff \"${PODS_PODFILE_DIR_PATH}/Podfile.lock\" \"${PODS_ROOT}/Manifest.lock\" > /dev/null\nif [ $? != 0 ] ; then\n    # print error to STDERR\n    echo \"error: The sandbox is not in sync with the Podfile.lock. Run 'pod install' or update your CocoaPods installation.\" >&2\n    exit 1\nfi\n# This output is used by Xcode 'outputs' to avoid re-running this script phase.\necho \"SUCCESS\" > \"${SCRIPT_OUTPUT_FILE_0}\"\n";
			showEnvVarsInLog = 0;
		};
		828F3218DF59D6C1A2BCE2A8 /* [CP] Embed Pods Frameworks */ = {
			isa = PBXShellScriptBuildPhase;
			buildActionMask = 2147483647;
			files = (
			);
			inputPaths = (
				"${SRCROOT}/Pods/Target Support Files/Pods-LuckyX/Pods-LuckyX-frameworks.sh",
				"${BUILT_PRODUCTS_DIR}/AVOSCloud/AVOSCloud.framework",
				"${BUILT_PRODUCTS_DIR}/JXPopupView/JXPopupView.framework",
				"${BUILT_PRODUCTS_DIR}/Realm/Realm.framework",
				"${BUILT_PRODUCTS_DIR}/RealmSwift/RealmSwift.framework",
				"${BUILT_PRODUCTS_DIR}/lottie-ios/Lottie.framework",
			);
			name = "[CP] Embed Pods Frameworks";
			outputPaths = (
				"${TARGET_BUILD_DIR}/${FRAMEWORKS_FOLDER_PATH}/AVOSCloud.framework",
				"${TARGET_BUILD_DIR}/${FRAMEWORKS_FOLDER_PATH}/JXPopupView.framework",
				"${TARGET_BUILD_DIR}/${FRAMEWORKS_FOLDER_PATH}/Realm.framework",
				"${TARGET_BUILD_DIR}/${FRAMEWORKS_FOLDER_PATH}/RealmSwift.framework",
				"${TARGET_BUILD_DIR}/${FRAMEWORKS_FOLDER_PATH}/Lottie.framework",
			);
			runOnlyForDeploymentPostprocessing = 0;
			shellPath = /bin/sh;
			shellScript = "\"${SRCROOT}/Pods/Target Support Files/Pods-LuckyX/Pods-LuckyX-frameworks.sh\"\n";
			showEnvVarsInLog = 0;
		};
/* End PBXShellScriptBuildPhase section */

/* Begin PBXSourcesBuildPhase section */
		E14A0F6F21A0F0450011779E /* Sources */ = {
			isa = PBXSourcesBuildPhase;
			buildActionMask = 2147483647;
			files = (
				E1AD5A5721A1575A00413E39 /* PersonCell.swift in Sources */,
				3DF28D5B21ABF2FC00BAEC0F /* EditPersonVC.swift in Sources */,
				E1C36FD121A5B9DB0019DEFC /* LeftPersonCell.swift in Sources */,
				E1AD5A5521A1487600413E39 /* PrizeCell.swift in Sources */,
				E1C36FD321A5B9DB0019DEFC /* PersonListVC.swift in Sources */,
				E14A0F7921A0F0450011779E /* ViewController.swift in Sources */,
				E1AD5A5121A1474900413E39 /* ImageViewExtension.swift in Sources */,
				3DF28D6221AD176D00BAEC0F /* textFile.m in Sources */,
				E1C36FD221A5B9DB0019DEFC /* RightPersonCell.swift in Sources */,
				3DF28D5D21ACD58F00BAEC0F /* EditPersonCell.swift in Sources */,
				E14A0F7721A0F0450011779E /* AppDelegate.swift in Sources */,
				E1AD5A5321A1475E00413E39 /* ImageHelper.swift in Sources */,
			);
			runOnlyForDeploymentPostprocessing = 0;
		};
/* End PBXSourcesBuildPhase section */

/* Begin PBXVariantGroup section */
		E14A0F7A21A0F0450011779E /* Main.storyboard */ = {
			isa = PBXVariantGroup;
			children = (
				E14A0F7B21A0F0450011779E /* Base */,
			);
			name = Main.storyboard;
			sourceTree = "<group>";
		};
		E14A0F7F21A0F0470011779E /* LaunchScreen.storyboard */ = {
			isa = PBXVariantGroup;
			children = (
				E14A0F8021A0F0470011779E /* Base */,
			);
			name = LaunchScreen.storyboard;
			sourceTree = "<group>";
		};
/* End PBXVariantGroup section */

/* Begin XCBuildConfiguration section */
		E14A0F8321A0F0470011779E /* Debug */ = {
			isa = XCBuildConfiguration;
			buildSettings = {
				ALWAYS_SEARCH_USER_PATHS = NO;
				CLANG_ANALYZER_NONNULL = YES;
				CLANG_ANALYZER_NUMBER_OBJECT_CONVERSION = YES_AGGRESSIVE;
				CLANG_CXX_LANGUAGE_STANDARD = "gnu++14";
				CLANG_CXX_LIBRARY = "libc++";
				CLANG_ENABLE_MODULES = YES;
				CLANG_ENABLE_OBJC_ARC = YES;
				CLANG_ENABLE_OBJC_WEAK = YES;
				CLANG_WARN_BLOCK_CAPTURE_AUTORELEASING = YES;
				CLANG_WARN_BOOL_CONVERSION = YES;
				CLANG_WARN_COMMA = YES;
				CLANG_WARN_CONSTANT_CONVERSION = YES;
				CLANG_WARN_DEPRECATED_OBJC_IMPLEMENTATIONS = YES;
				CLANG_WARN_DIRECT_OBJC_ISA_USAGE = YES_ERROR;
				CLANG_WARN_DOCUMENTATION_COMMENTS = YES;
				CLANG_WARN_EMPTY_BODY = YES;
				CLANG_WARN_ENUM_CONVERSION = YES;
				CLANG_WARN_INFINITE_RECURSION = YES;
				CLANG_WARN_INT_CONVERSION = YES;
				CLANG_WARN_NON_LITERAL_NULL_CONVERSION = YES;
				CLANG_WARN_OBJC_IMPLICIT_RETAIN_SELF = YES;
				CLANG_WARN_OBJC_LITERAL_CONVERSION = YES;
				CLANG_WARN_OBJC_ROOT_CLASS = YES_ERROR;
				CLANG_WARN_RANGE_LOOP_ANALYSIS = YES;
				CLANG_WARN_STRICT_PROTOTYPES = YES;
				CLANG_WARN_SUSPICIOUS_MOVE = YES;
				CLANG_WARN_UNGUARDED_AVAILABILITY = YES_AGGRESSIVE;
				CLANG_WARN_UNREACHABLE_CODE = YES;
				CLANG_WARN__DUPLICATE_METHOD_MATCH = YES;
				CODE_SIGN_IDENTITY = "iPhone Developer";
				COPY_PHASE_STRIP = NO;
				DEBUG_INFORMATION_FORMAT = dwarf;
				ENABLE_STRICT_OBJC_MSGSEND = YES;
				ENABLE_TESTABILITY = YES;
				GCC_C_LANGUAGE_STANDARD = gnu11;
				GCC_DYNAMIC_NO_PIC = NO;
				GCC_NO_COMMON_BLOCKS = YES;
				GCC_OPTIMIZATION_LEVEL = 0;
				GCC_PREPROCESSOR_DEFINITIONS = (
					"DEBUG=1",
					"$(inherited)",
				);
				GCC_WARN_64_TO_32_BIT_CONVERSION = YES;
				GCC_WARN_ABOUT_RETURN_TYPE = YES_ERROR;
				GCC_WARN_UNDECLARED_SELECTOR = YES;
				GCC_WARN_UNINITIALIZED_AUTOS = YES_AGGRESSIVE;
				GCC_WARN_UNUSED_FUNCTION = YES;
				GCC_WARN_UNUSED_VARIABLE = YES;
				IPHONEOS_DEPLOYMENT_TARGET = 12.1;
				MTL_ENABLE_DEBUG_INFO = INCLUDE_SOURCE;
				MTL_FAST_MATH = YES;
				ONLY_ACTIVE_ARCH = YES;
				SDKROOT = iphoneos;
				SWIFT_ACTIVE_COMPILATION_CONDITIONS = DEBUG;
				SWIFT_OPTIMIZATION_LEVEL = "-Onone";
			};
			name = Debug;
		};
		E14A0F8421A0F0470011779E /* Release */ = {
			isa = XCBuildConfiguration;
			buildSettings = {
				ALWAYS_SEARCH_USER_PATHS = NO;
				CLANG_ANALYZER_NONNULL = YES;
				CLANG_ANALYZER_NUMBER_OBJECT_CONVERSION = YES_AGGRESSIVE;
				CLANG_CXX_LANGUAGE_STANDARD = "gnu++14";
				CLANG_CXX_LIBRARY = "libc++";
				CLANG_ENABLE_MODULES = YES;
				CLANG_ENABLE_OBJC_ARC = YES;
				CLANG_ENABLE_OBJC_WEAK = YES;
				CLANG_WARN_BLOCK_CAPTURE_AUTORELEASING = YES;
				CLANG_WARN_BOOL_CONVERSION = YES;
				CLANG_WARN_COMMA = YES;
				CLANG_WARN_CONSTANT_CONVERSION = YES;
				CLANG_WARN_DEPRECATED_OBJC_IMPLEMENTATIONS = YES;
				CLANG_WARN_DIRECT_OBJC_ISA_USAGE = YES_ERROR;
				CLANG_WARN_DOCUMENTATION_COMMENTS = YES;
				CLANG_WARN_EMPTY_BODY = YES;
				CLANG_WARN_ENUM_CONVERSION = YES;
				CLANG_WARN_INFINITE_RECURSION = YES;
				CLANG_WARN_INT_CONVERSION = YES;
				CLANG_WARN_NON_LITERAL_NULL_CONVERSION = YES;
				CLANG_WARN_OBJC_IMPLICIT_RETAIN_SELF = YES;
				CLANG_WARN_OBJC_LITERAL_CONVERSION = YES;
				CLANG_WARN_OBJC_ROOT_CLASS = YES_ERROR;
				CLANG_WARN_RANGE_LOOP_ANALYSIS = YES;
				CLANG_WARN_STRICT_PROTOTYPES = YES;
				CLANG_WARN_SUSPICIOUS_MOVE = YES;
				CLANG_WARN_UNGUARDED_AVAILABILITY = YES_AGGRESSIVE;
				CLANG_WARN_UNREACHABLE_CODE = YES;
				CLANG_WARN__DUPLICATE_METHOD_MATCH = YES;
				CODE_SIGN_IDENTITY = "iPhone Developer";
				COPY_PHASE_STRIP = NO;
				DEBUG_INFORMATION_FORMAT = "dwarf-with-dsym";
				ENABLE_NS_ASSERTIONS = NO;
				ENABLE_STRICT_OBJC_MSGSEND = YES;
				GCC_C_LANGUAGE_STANDARD = gnu11;
				GCC_NO_COMMON_BLOCKS = YES;
				GCC_WARN_64_TO_32_BIT_CONVERSION = YES;
				GCC_WARN_ABOUT_RETURN_TYPE = YES_ERROR;
				GCC_WARN_UNDECLARED_SELECTOR = YES;
				GCC_WARN_UNINITIALIZED_AUTOS = YES_AGGRESSIVE;
				GCC_WARN_UNUSED_FUNCTION = YES;
				GCC_WARN_UNUSED_VARIABLE = YES;
				IPHONEOS_DEPLOYMENT_TARGET = 12.1;
				MTL_ENABLE_DEBUG_INFO = NO;
				MTL_FAST_MATH = YES;
				SDKROOT = iphoneos;
				SWIFT_COMPILATION_MODE = wholemodule;
				SWIFT_OPTIMIZATION_LEVEL = "-O";
				VALIDATE_PRODUCT = YES;
			};
			name = Release;
		};
		E14A0F8621A0F0470011779E /* Debug */ = {
			isa = XCBuildConfiguration;
			baseConfigurationReference = A673BF34799168A9857F064A /* Pods-LuckyX.debug.xcconfig */;
			buildSettings = {
				ASSETCATALOG_COMPILER_APPICON_NAME = AppIcon;
				CLANG_ENABLE_MODULES = YES;
				CODE_SIGN_STYLE = Automatic;
				DEVELOPMENT_TEAM = BPP589VP97;
				INFOPLIST_FILE = LuckyX/Info.plist;
				LD_RUNPATH_SEARCH_PATHS = (
					"$(inherited)",
					"@executable_path/Frameworks",
				);
				PRODUCT_BUNDLE_IDENTIFIER = com.xwn.LuckyX;
				PRODUCT_NAME = "$(TARGET_NAME)";
				SWIFT_OBJC_BRIDGING_HEADER = "LuckyX/LuckyX-Bridging-Header.h";
				SWIFT_OPTIMIZATION_LEVEL = "-Onone";
				SWIFT_VERSION = 4.2;
				TARGETED_DEVICE_FAMILY = 2;
			};
			name = Debug;
		};
		E14A0F8721A0F0470011779E /* Release */ = {
			isa = XCBuildConfiguration;
			baseConfigurationReference = 5E6ED3BC829DE35D67A81632 /* Pods-LuckyX.release.xcconfig */;
			buildSettings = {
				ASSETCATALOG_COMPILER_APPICON_NAME = AppIcon;
				CLANG_ENABLE_MODULES = YES;
				CODE_SIGN_STYLE = Automatic;
				DEVELOPMENT_TEAM = BPP589VP97;
				INFOPLIST_FILE = LuckyX/Info.plist;
				LD_RUNPATH_SEARCH_PATHS = (
					"$(inherited)",
					"@executable_path/Frameworks",
				);
				PRODUCT_BUNDLE_IDENTIFIER = com.xwn.LuckyX;
				PRODUCT_NAME = "$(TARGET_NAME)";
				SWIFT_OBJC_BRIDGING_HEADER = "LuckyX/LuckyX-Bridging-Header.h";
				SWIFT_VERSION = 4.2;
				TARGETED_DEVICE_FAMILY = 2;
			};
			name = Release;
		};
/* End XCBuildConfiguration section */

/* Begin XCConfigurationList section */
		E14A0F6E21A0F0450011779E /* Build configuration list for PBXProject "LuckyX" */ = {
			isa = XCConfigurationList;
			buildConfigurations = (
				E14A0F8321A0F0470011779E /* Debug */,
				E14A0F8421A0F0470011779E /* Release */,
			);
			defaultConfigurationIsVisible = 0;
			defaultConfigurationName = Release;
		};
		E14A0F8521A0F0470011779E /* Build configuration list for PBXNativeTarget "LuckyX" */ = {
			isa = XCConfigurationList;
			buildConfigurations = (
				E14A0F8621A0F0470011779E /* Debug */,
				E14A0F8721A0F0470011779E /* Release */,
			);
			defaultConfigurationIsVisible = 0;
			defaultConfigurationName = Release;
		};
/* End XCConfigurationList section */
	};
	rootObject = E14A0F6B21A0F0450011779E /* Project object */;
}
